
Microsoft Visual Studio Solution File, Format Version 12.00
# Visual Studio 2013
VisualStudioVersion = 12.0.30723.0
MinimumVisualStudioVersion = 10.0.40219.1
Project("{2150E333-8FDC-42A3-9474-1A3956D46DE8}") = "MSBuildTasks", "MSBuildTasks", "{D30B65A6-11C2-4FC5-BD86-23EA0D2F8250}"
EndProject
Project("{FAE04EC0-301F-11D3-BF4B-00C04F79EFBC}") = "ROOTMSBuildTasks", "ROOTMSBuildTasks\ROOTMSBuildTasks.csproj", "{AB5F3629-389C-4701-A92B-F8E28BB58C90}"
EndProject
Global
	GlobalSection(SolutionConfigurationPlatforms) = preSolution
		Debug|Any CPU = Debug|Any CPU
		Release|Any CPU = Release|Any CPU
	EndGlobalSection
	GlobalSection(ProjectConfigurationPlatforms) = postSolution
		{AB5F3629-389C-4701-A92B-F8E28BB58C90}.Debug|Any CPU.ActiveCfg = Debug|Any CPU
		{AB5F3629-389C-4701-A92B-F8E28BB58C90}.Debug|Any CPU.Build.0 = Debug|Any CPU
		{AB5F3629-389C-4701-A92B-F8E28BB58C90}.Release|Any CPU.ActiveCfg = Release|Any CPU
		{AB5F3629-389C-4701-A92B-F8E28BB58C90}.Release|Any CPU.Build.0 = Release|Any CPU
	EndGlobalSection
	GlobalSection(SolutionProperties) = preSolution
		HideSolutionNode = FALSE
	EndGlobalSection
	GlobalSection(NestedProjects) = preSolution
		{AB5F3629-389C-4701-A92B-F8E28BB58C90} = {D30B65A6-11C2-4FC5-BD86-23EA0D2F8250}
	EndGlobalSection
EndGlobal
